{
  "name": "redux",
  "lockfileVersion": 2,
  "requires": true,
  "packages": {
    "": {
      "dependencies": {
        "@ionic/angular": "^5.4.1"
      }
    },
    "node_modules/@angular/common": {
      "version": "13.3.1",
      "resolved": "https://registry.npmjs.org/@angular/common/-/common-13.3.1.tgz",
      "integrity": "sha512-Var5ChoX8kZl9cbIWbW7Reb3Xz3t1c1XHwq1k+oK2fgrPdEfypY9n/6DxyXOtSEGb9aV7ZCaxcv2c5JUKR3OPg==",
      "peer": true,
      "dependencies": {
        "tslib": "^2.3.0"
      },
      "engines": {
        "node": "^12.20.0 || ^14.15.0 || >=16.10.0"
      },
      "peerDependencies": {
        "@angular/core": "13.3.1",
        "rxjs": "^6.5.3 || ^7.4.0"
      }
    },
    "node_modules/@angular/core": {
      "version": "13.3.1",
      "resolved": "https://registry.npmjs.org/@angular/core/-/core-13.3.1.tgz",
      "integrity": "sha512-ZU/B9jEiZ0jadRkRL9Sb2btzqgQ0ylx380PfRQaojVIsij/EO6+jOSHIo5upMIGu/OvkggfweShJGlylCOrOXA==",
      "peer": true,
      "dependencies": {
        "tslib": "^2.3.0"
      },
      "engines": {
        "node": "^12.20.0 || ^14.15.0 || >=16.10.0"
      },
      "peerDependencies": {
        "rxjs": "^6.5.3 || ^7.4.0",
        "zone.js": "~0.11.4"
      }
    },
    "node_modules/@angular/forms": {
      "version": "13.3.1",
      "resolved": "https://registry.npmjs.org/@angular/forms/-/forms-13.3.1.tgz",
      "integrity": "sha512-S6a/CEq1ht0vw2epuESiO551dsyLQTb/HuwceIBlsX2JqRRccynYlyx92gsDAo4hD2F0q+EeqZEPuq3oQIK43A==",
      "peer": true,
      "dependencies": {
        "tslib": "^2.3.0"
      },
      "engines": {
        "node": "^12.20.0 || ^14.15.0 || >=16.10.0"
      },
      "peerDependencies": {
        "@angular/common": "13.3.1",
        "@angular/core": "13.3.1",
        "@angular/platform-browser": "13.3.1",
        "rxjs": "^6.5.3 || ^7.4.0"
      }
    },
    "node_modules/@angular/platform-browser": {
      "version": "13.3.1",
      "resolved": "https://registry.npmjs.org/@angular/platform-browser/-/platform-browser-13.3.1.tgz",
      "integrity": "sha512-WtyrkK0pLYj6w7pz3xk8zlhWL1NwGCWT+k7YxEjBOONCIXlZvCqWVzWo4nNQn9Xqxd+z1FVI0dssDwZm2TD+Eg==",
      "peer": true,
      "dependencies": {
        "tslib": "^2.3.0"
      },
      "engines": {
        "node": "^12.20.0 || ^14.15.0 || >=16.10.0"
      },
      "peerDependencies": {
        "@angular/animations": "13.3.1",
        "@angular/common": "13.3.1",
        "@angular/core": "13.3.1"
      },
      "peerDependenciesMeta": {
        "@angular/animations": {
          "optional": true
        }
      }
    },
    "node_modules/@angular/router": {
      "version": "13.3.1",
      "resolved": "https://registry.npmjs.org/@angular/router/-/router-13.3.1.tgz",
      "integrity": "sha512-YpZLjI4UI9KK6x8yn41XMrBWZgVb5JyJR7KNhQXB7WiX8bVH5SZzFRkjR3qUxTGaxe6I7KFvzySwm4JTYNj+xw==",
      "peer": true,
      "dependencies": {
        "tslib": "^2.3.0"
      },
      "engines": {
        "node": "^12.20.0 || ^14.15.0 || >=16.10.0"
      },
      "peerDependencies": {
        "@angular/common": "13.3.1",
        "@angular/core": "13.3.1",
        "@angular/platform-browser": "13.3.1",
        "rxjs": "^6.5.3 || ^7.4.0"
      }
    },
    "node_modules/@ionic/angular": {
      "version": "5.4.1",
      "resolved": "https://registry.npmjs.org/@ionic/angular/-/angular-5.4.1.tgz",
      "integrity": "sha512-jPUM6Mf7sjYHOevzCHvx5BKbn4gSWDVux6xyh1ZDextQUAEQhoRO/FV6ZjwlzVeoIKzEEN57oaF2zdPw8OFLZg==",
      "dependencies": {
        "@ionic/core": "5.4.1",
        "tslib": "^1.9.3"
      },
      "peerDependencies": {
        "@angular/core": ">=8.2.7",
        "@angular/forms": ">=8.2.7",
        "@angular/router": ">=8.2.7",
        "rxjs": ">=6.2.0",
        "zone.js": ">=0.8.26"
      }
    },
    "node_modules/@ionic/angular/node_modules/tslib": {
      "version": "1.14.1",
      "resolved": "https://registry.npmjs.org/tslib/-/tslib-1.14.1.tgz",
      "integrity": "sha512-Xni35NKzjgMrwevysHTCArtLDpPvye8zV/0E4EyYn43P7/7qvQwPh9BGkHewbMulVntbigmcT7rdX3BNo9wRJg=="
    },
    "node_modules/@ionic/core": {
      "version": "5.4.1",
      "resolved": "https://registry.npmjs.org/@ionic/core/-/core-5.4.1.tgz",
      "integrity": "sha512-yONXeHjbVGUSL7zPgiCv0fQkw47VHJJ+8zVkYgTg4At+B0VhoLAMgS/ah3EUwSVTOATXdHa6Ak5+71uHPKpViQ==",
      "dependencies": {
        "ionicons": "^5.1.2",
        "tslib": "^1.10.0"
      }
    },
    "node_modules/@ionic/core/node_modules/tslib": {
      "version": "1.14.1",
      "resolved": "https://registry.npmjs.org/tslib/-/tslib-1.14.1.tgz",
      "integrity": "sha512-Xni35NKzjgMrwevysHTCArtLDpPvye8zV/0E4EyYn43P7/7qvQwPh9BGkHewbMulVntbigmcT7rdX3BNo9wRJg=="
    },
    "node_modules/@stencil/core": {
      "version": "2.10.0",
      "resolved": "https://registry.npmjs.org/@stencil/core/-/core-2.10.0.tgz",
      "integrity": "sha512-15rWMTPQ/sp0lSV82HVCXkIya3QLN+uBl7pqK4JnTrp4HiLrzLmNbWjbvgCs55gw0lULbCIGbRIEsFz+Pe/Q+A==",
      "bin": {
        "stencil": "bin/stencil"
      },
      "engines": {
        "node": ">=12.10.0",
        "npm": ">=6.0.0"
      }
    },
    "node_modules/ionicons": {
      "version": "5.5.4",
      "resolved": "https://registry.npmjs.org/ionicons/-/ionicons-5.5.4.tgz",
      "integrity": "sha512-3ph8X9my3inhabWEZ7N0XRA0MnnNQ1v9a602mLNgWsIXnxE9G5BybIZ/pws/OZZ/hoNlvSjk801N03yL9/FNgQ==",
      "dependencies": {
        "@stencil/core": "~2.10.0"
      }
    },
    "node_modules/rxjs": {
      "version": "7.5.5",
      "resolved": "https://registry.npmjs.org/rxjs/-/rxjs-7.5.5.tgz",
      "integrity": "sha512-sy+H0pQofO95VDmFLzyaw9xNJU4KTRSwQIGM6+iG3SypAtCiLDzpeG8sJrNCWn2Up9km+KhkvTdbkrdy+yzZdw==",
      "peer": true,
      "dependencies": {
        "tslib": "^2.1.0"
      }
    },
    "node_modules/tslib": {
      "version": "2.3.1",
      "resolved": "https://registry.npmjs.org/tslib/-/tslib-2.3.1.tgz",
      "integrity": "sha512-77EbyPPpMz+FRFRuAFlWMtmgUWGe9UOG2Z25NqCwiIjRhOf5iKGuzSe5P2w1laq+FkRy4p+PCuVkJSGkzTEKVw==",
      "peer": true
    },
    "node_modules/zone.js": {
      "version": "0.11.5",
      "resolved": "https://registry.npmjs.org/zone.js/-/zone.js-0.11.5.tgz",
      "integrity": "sha512-D1/7VxEuQ7xk6z/kAROe4SUbd9CzxY4zOwVGnGHerd/SgLIVU5f4esDzQUsOCeArn933BZfWMKydH7l7dPEp0g==",
      "peer": true,
      "dependencies": {
        "tslib": "^2.3.0"
      }
    }
  },
  "dependencies": {
    "@angular/common": {
      "version": "13.3.1",
      "resolved": "https://registry.npmjs.org/@angular/common/-/common-13.3.1.tgz",
      "integrity": "sha512-Var5ChoX8kZl9cbIWbW7Reb3Xz3t1c1XHwq1k+oK2fgrPdEfypY9n/6DxyXOtSEGb9aV7ZCaxcv2c5JUKR3OPg==",
      "peer": true,
      "requires": {
        "tslib": "^2.3.0"
      }
    },
    "@angular/core": {
      "version": "13.3.1",
      "resolved": "https://registry.npmjs.org/@angular/core/-/core-13.3.1.tgz",
      "integrity": "sha512-ZU/B9jEiZ0jadRkRL9Sb2btzqgQ0ylx380PfRQaojVIsij/EO6+jOSHIo5upMIGu/OvkggfweShJGlylCOrOXA==",
      "peer": true,
      "requires": {
        "tslib": "^2.3.0"
      }
    },
    "@angular/forms": {
      "version": "13.3.1",
      "resolved": "https://registry.npmjs.org/@angular/forms/-/forms-13.3.1.tgz",
      "integrity": "sha512-S6a/CEq1ht0vw2epuESiO551dsyLQTb/HuwceIBlsX2JqRRccynYlyx92gsDAo4hD2F0q+EeqZEPuq3oQIK43A==",
      "peer": true,
      "requires": {
        "tslib": "^2.3.0"
      }
    },
    "@angular/platform-browser": {
      "version": "13.3.1",
      "resolved": "https://registry.npmjs.org/@angular/platform-browser/-/platform-browser-13.3.1.tgz",
      "integrity": "sha512-WtyrkK0pLYj6w7pz3xk8zlhWL1NwGCWT+k7YxEjBOONCIXlZvCqWVzWo4nNQn9Xqxd+z1FVI0dssDwZm2TD+Eg==",
      "peer": true,
      "requires": {
        "tslib": "^2.3.0"
      }
    },
    "@angular/router": {
      "version": "13.3.1",
      "resolved": "https://registry.npmjs.org/@angular/router/-/router-13.3.1.tgz",
      "integrity": "sha512-YpZLjI4UI9KK6x8yn41XMrBWZgVb5JyJR7KNhQXB7WiX8bVH5SZzFRkjR3qUxTGaxe6I7KFvzySwm4JTYNj+xw==",
      "peer": true,
      "requires": {
        "tslib": "^2.3.0"
      }
    },
    "@ionic/angular": {
      "version": "5.4.1",
      "resolved": "https://registry.npmjs.org/@ionic/angular/-/angular-5.4.1.tgz",
      "integrity": "sha512-jPUM6Mf7sjYHOevzCHvx5BKbn4gSWDVux6xyh1ZDextQUAEQhoRO/FV6ZjwlzVeoIKzEEN57oaF2zdPw8OFLZg==",
      "requires": {
        "@ionic/core": "5.4.1",
        "tslib": "^1.9.3"
      },
      "dependencies": {
        "tslib": {
          "version": "1.14.1",
          "resolved": "https://registry.npmjs.org/tslib/-/tslib-1.14.1.tgz",
          "integrity": "sha512-Xni35NKzjgMrwevysHTCArtLDpPvye8zV/0E4EyYn43P7/7qvQwPh9BGkHewbMulVntbigmcT7rdX3BNo9wRJg=="
        }
      }
    },
    "@ionic/core": {
      "version": "5.4.1",
      "resolved": "https://registry.npmjs.org/@ionic/core/-/core-5.4.1.tgz",
      "integrity": "sha512-yONXeHjbVGUSL7zPgiCv0fQkw47VHJJ+8zVkYgTg4At+B0VhoLAMgS/ah3EUwSVTOATXdHa6Ak5+71uHPKpViQ==",
      "requires": {
        "ionicons": "^5.1.2",
        "tslib": "^1.10.0"
      },
      "dependencies": {
        "tslib": {
          "version": "1.14.1",
          "resolved": "https://registry.npmjs.org/tslib/-/tslib-1.14.1.tgz",
          "integrity": "sha512-Xni35NKzjgMrwevysHTCArtLDpPvye8zV/0E4EyYn43P7/7qvQwPh9BGkHewbMulVntbigmcT7rdX3BNo9wRJg=="
        }
      }
    },
    "@stencil/core": {
      "version": "2.10.0",
      "resolved": "https://registry.npmjs.org/@stencil/core/-/core-2.10.0.tgz",
      "integrity": "sha512-15rWMTPQ/sp0lSV82HVCXkIya3QLN+uBl7pqK4JnTrp4HiLrzLmNbWjbvgCs55gw0lULbCIGbRIEsFz+Pe/Q+A=="
    },
    "ionicons": {
      "version": "5.5.4",
      "resolved": "https://registry.npmjs.org/ionicons/-/ionicons-5.5.4.tgz",
      "integrity": "sha512-3ph8X9my3inhabWEZ7N0XRA0MnnNQ1v9a602mLNgWsIXnxE9G5BybIZ/pws/OZZ/hoNlvSjk801N03yL9/FNgQ==",
      "requires": {
        "@stencil/core": "~2.10.0"
      }
    },
    "rxjs": {
      "version": "7.5.5",
      "resolved": "https://registry.npmjs.org/rxjs/-/rxjs-7.5.5.tgz",
      "integrity": "sha512-sy+H0pQofO95VDmFLzyaw9xNJU4KTRSwQIGM6+iG3SypAtCiLDzpeG8sJrNCWn2Up9km+KhkvTdbkrdy+yzZdw==",
      "peer": true,
      "requires": {
        "tslib": "^2.1.0"
      }
    },
    "tslib": {
      "version": "2.3.1",
      "resolved": "https://registry.npmjs.org/tslib/-/tslib-2.3.1.tgz",
      "integrity": "sha512-77EbyPPpMz+FRFRuAFlWMtmgUWGe9UOG2Z25NqCwiIjRhOf5iKGuzSe5P2w1laq+FkRy4p+PCuVkJSGkzTEKVw==",
      "peer": true
    },
    "zone.js": {
      "version": "0.11.5",
      "resolved": "https://registry.npmjs.org/zone.js/-/zone.js-0.11.5.tgz",
      "integrity": "sha512-D1/7VxEuQ7xk6z/kAROe4SUbd9CzxY4zOwVGnGHerd/SgLIVU5f4esDzQUsOCeArn933BZfWMKydH7l7dPEp0g==",
      "peer": true,
      "requires": {
        "tslib": "^2.3.0"
      }
    }
  }
}
